// !$*UTF8*$!
{
	archiveVersion = 1;
	classes = {
	};
	objectVersion = 46;
	objects = {

/* Begin PBXBuildFile section */
		C050204A1DBB376A0023D6CF /* AppDelegate.swift in Sources */ = {isa = PBXBuildFile; fileRef = C05020491DBB376A0023D6CF /* AppDelegate.swift */; };
		C050204C1DBB376A0023D6CF /* ViewController.swift in Sources */ = {isa = PBXBuildFile; fileRef = C050204B1DBB376A0023D6CF /* ViewController.swift */; };
		C050204F1DBB376A0023D6CF /* Main.storyboard in Resources */ = {isa = PBXBuildFile; fileRef = C050204D1DBB376A0023D6CF /* Main.storyboard */; };
		C05020511DBB376A0023D6CF /* Assets.xcassets in Resources */ = {isa = PBXBuildFile; fileRef = C05020501DBB376A0023D6CF /* Assets.xcassets */; };
		C05020541DBB376A0023D6CF /* LaunchScreen.storyboard in Resources */ = {isa = PBXBuildFile; fileRef = C05020521DBB376A0023D6CF /* LaunchScreen.storyboard */; };
/* End PBXBuildFile section */

/* Begin PBXFileReference section */
		C05020461DBB376A0023D6CF /* deviceiosble.app */ = {isa = PBXFileReference; explicitFileType = wrapper.application; includeInIndex = 0; path = deviceiosble.app; sourceTree = BUILT_PRODUCTS_DIR; };
		C05020491DBB376A0023D6CF /* AppDelegate.swift */ = {isa = PBXFileReference; lastKnownFileType = sourcecode.swift; path = AppDelegate.swift; sourceTree = "<group>"; };
		C050204B1DBB376A0023D6CF /* ViewController.swift */ = {isa = PBXFileReference; lastKnownFileType = sourcecode.swift; path = ViewController.swift; sourceTree = "<group>"; };
		C050204E1DBB376A0023D6CF /* Base */ = {isa = PBXFileReference; lastKnownFileType = file.storyboard; name = Base; path = Base.lproj/Main.storyboard; sourceTree = "<group>"; };
		C05020501DBB376A0023D6CF /* Assets.xcassets */ = {isa = PBXFileReference; lastKnownFileType = folder.assetcatalog; path = Assets.xcassets; sourceTree = "<group>"; };
		C05020531DBB376A0023D6CF /* Base */ = {isa = PBXFileReference; lastKnownFileType = file.storyboard; name = Base; path = Base.lproj/LaunchScreen.storyboard; sourceTree = "<group>"; };
		C05020551DBB376A0023D6CF /* Info.plist */ = {isa = PBXFileReference; lastKnownFileType = text.plist.xml; path = Info.plist; sourceTree = "<group>"; };
/* End PBXFileReference section */

/* Begin PBXFrameworksBuildPhase section */
		C05020431DBB37690023D6CF /* Frameworks */ = {
			isa = PBXFrameworksBuildPhase;
			buildActionMask = 2147483647;
			files = (
			);
			runOnlyForDeploymentPostprocessing = 0;
		};
/* End PBXFrameworksBuildPhase section */

/* Begin PBXGroup section */
		C050203D1DBB37690023D6CF = {
			isa = PBXGroup;
			children = (
				C05020481DBB376A0023D6CF /* deviceiosble */,
				C05020471DBB376A0023D6CF /* Products */,
			);
			sourceTree = "<group>";
		};
		C05020471DBB376A0023D6CF /* Products */ = {
			isa = PBXGroup;
			children = (
				C05020461DBB376A0023D6CF /* deviceiosble.app */,
			);
			name = Products;
			sourceTree = "<group>";
		};
		C05020481DBB376A0023D6CF /* deviceiosble */ = {
			isa = PBXGroup;
			children = (
				C05020491DBB376A0023D6CF /* AppDelegate.swift */,
				C050204B1DBB376A0023D6CF /* ViewController.swift */,
				C050204D1DBB376A0023D6CF /* Main.storyboard */,
				C05020501DBB376A0023D6CF /* Assets.xcassets */,
				C05020521DBB376A0023D6CF /* LaunchScreen.storyboard */,
				C05020551DBB376A0023D6CF /* Info.plist */,
			);
			path = deviceiosble;
			sourceTree = "<group>";
		};
/* End PBXGroup section */

/* Begin PBXNativeTarget section */
		C05020451DBB37690023D6CF /* deviceiosble */ = {
			isa = PBXNativeTarget;
			buildConfigurationList = C05020581DBB376A0023D6CF /* Build configuration list for PBXNativeTarget "deviceiosble" */;
			buildPhases = (
				C05020421DBB37690023D6CF /* Sources */,
				C05020431DBB37690023D6CF /* Frameworks */,
				C05020441DBB37690023D6CF /* Resources */,
			);
			buildRules = (
			);
			dependencies = (
			);
			name = deviceiosble;
			productName = deviceiosble;
			productReference = C05020461DBB376A0023D6CF /* deviceiosble.app */;
			productType = "com.apple.product-type.application";
		};
/* End PBXNativeTarget section */

/* Begin PBXProject section */
		C050203E1DBB37690023D6CF /* Project object */ = {
			isa = PBXProject;
			attributes = {
				LastSwiftUpdateCheck = 0800;
				LastUpgradeCheck = 0800;
				ORGANIZATIONNAME = mtkz.info;
				TargetAttributes = {
					C05020451DBB37690023D6CF = {
						CreatedOnToolsVersion = 8.0;
						DevelopmentTeam = U7F9TYQL2C;
						ProvisioningStyle = Automatic;
					};
				};
			};
			buildConfigurationList = C05020411DBB37690023D6CF /* Build configuration list for PBXProject "deviceiosble" */;
			compatibilityVersion = "Xcode 3.2";
			developmentRegion = English;
			hasScannedForEncodings = 0;
			knownRegions = (
				en,
				Base,
			);
			mainGroup = C050203D1DBB37690023D6CF;
			productRefGroup = C05020471DBB376A0023D6CF /* Products */;
			projectDirPath = "";
			projectRoot = "";
			targets = (
				C05020451DBB37690023D6CF /* deviceiosble */,
			);
		};
/* End PBXProject section */

/* Begin PBXResourcesBuildPhase section */
		C05020441DBB37690023D6CF /* Resources */ = {
			isa = PBXResourcesBuildPhase;
			buildActionMask = 2147483647;
			files = (
				C05020541DBB376A0023D6CF /* LaunchScreen.storyboard in Resources */,
				C05020511DBB376A0023D6CF /* Assets.xcassets in Resources */,
				C050204F1DBB376A0023D6CF /* Main.storyboard in Resources */,
			);
			runOnlyForDeploymentPostprocessing = 0;
		};
/* End PBXResourcesBuildPhase section */

/* Begin PBXSourcesBuildPhase section */
		C05020421DBB37690023D6CF /* Sources */ = {
			isa = PBXSourcesBuildPhase;
			buildActionMask = 2147483647;
			files = (
				C050204C1DBB376A0023D6CF /* ViewController.swift in Sources */,
				C050204A1DBB376A0023D6CF /* AppDelegate.swift in Sources */,
			);
			runOnlyForDeploymentPostprocessing = 0;
		};
/* End PBXSourcesBuildPhase section */

/* Begin PBXVariantGroup section */
		C050204D1DBB376A0023D6CF /* Main.storyboard */ = {
			isa = PBXVariantGroup;
			children = (
				C050204E1DBB376A0023D6CF /* Base */,
			);
			name = Main.storyboard;
			sourceTree = "<group>";
		};
		C05020521DBB376A0023D6CF /* LaunchScreen.storyboard */ = {
			isa = PBXVariantGroup;
			children = (
				C05020531DBB376A0023D6CF /* Base */,
			);
			name = LaunchScreen.storyboard;
			sourceTree = "<group>";
		};
/* End PBXVariantGroup section */

/* Begin XCBuildConfiguration section */
		C05020561DBB376A0023D6CF /* Debug */ = {
			isa = XCBuildConfiguration;
			buildSettings = {
				ALWAYS_SEARCH_USER_PATHS = NO;
				CLANG_ANALYZER_NONNULL = YES;
				CLANG_CXX_LANGUAGE_STANDARD = "gnu++0x";
				CLANG_CXX_LIBRARY = "libc++";
				CLANG_ENABLE_MODULES = YES;
				CLANG_ENABLE_OBJC_ARC = YES;
				CLANG_WARN_BOOL_CONVERSION = YES;
				CLANG_WARN_CONSTANT_CONVERSION = YES;
				CLANG_WARN_DIRECT_OBJC_ISA_USAGE = YES_ERROR;
				CLANG_WARN_DOCUMENTATION_COMMENTS = YES;
				CLANG_WARN_EMPTY_BODY = YES;
				CLANG_WARN_ENUM_CONVERSION = YES;
				CLANG_WARN_INFINITE_RECURSION = YES;
				CLANG_WARN_INT_CONVERSION = YES;
				CLANG_WARN_OBJC_ROOT_CLASS = YES_ERROR;
				CLANG_WARN_SUSPICIOUS_MOVES = YES;
				CLANG_WARN_UNREACHABLE_CODE = YES;
				CLANG_WARN__DUPLICATE_METHOD_MATCH = YES;
				"CODE_SIGN_IDENTITY[sdk=iphoneos*]" = "iPhone Developer";
				COPY_PHASE_STRIP = NO;
				DEBUG_INFORMATION_FORMAT = dwarf;
				ENABLE_STRICT_OBJC_MSGSEND = YES;
				ENABLE_TESTABILITY = YES;
				GCC_C_LANGUAGE_STANDARD = gnu99;
				GCC_DYNAMIC_NO_PIC = NO;
				GCC_NO_COMMON_BLOCKS = YES;
				GCC_OPTIMIZATION_LEVEL = 0;
				GCC_PREPROCESSOR_DEFINITIONS = (
					"DEBUG=1",
					"$(inherited)",
				);
				GCC_WARN_64_TO_32_BIT_CONVERSION = YES;
				GCC_WARN_ABOUT_RETURN_TYPE = YES_ERROR;
				GCC_WARN_UNDECLARED_SELECTOR = YES;
				GCC_WARN_UNINITIALIZED_AUTOS = YES_AGGRESSIVE;
				GCC_WARN_UNUSED_FUNCTION = YES;
				GCC_WARN_UNUSED_VARIABLE = YES;
				IPHONEOS_DEPLOYMENT_TARGET = 10.0;
				MTL_ENABLE_DEBUG_INFO = YES;
				ONLY_ACTIVE_ARCH = YES;
				SDKROOT = iphoneos;
				SWIFT_ACTIVE_COMPILATION_CONDITIONS = DEBUG;
				SWIFT_OPTIMIZATION_LEVEL = "-Onone";
			};
			name = Debug;
		};
		C05020571DBB376A0023D6CF /* Release */ = {
			isa = XCBuildConfiguration;
			buildSettings = {
				ALWAYS_SEARCH_USER_PATHS = NO;
				CLANG_ANALYZER_NONNULL = YES;
				CLANG_CXX_LANGUAGE_STANDARD = "gnu++0x";
				CLANG_CXX_LIBRARY = "libc++";
				CLANG_ENABLE_MODULES = YES;
				CLANG_ENABLE_OBJC_ARC = YES;
				CLANG_WARN_BOOL_CONVERSION = YES;
				CLANG_WARN_CONSTANT_CONVERSION = YES;
				CLANG_WARN_DIRECT_OBJC_ISA_USAGE = YES_ERROR;
				CLANG_WARN_DOCUMENTATION_COMMENTS = YES;
				CLANG_WARN_EMPTY_BODY = YES;
				CLANG_WARN_ENUM_CONVERSION = YES;
				CLANG_WARN_INFINITE_RECURSION = YES;
				CLANG_WARN_INT_CONVERSION = YES;
				CLANG_WARN_OBJC_ROOT_CLASS = YES_ERROR;
				CLANG_WARN_SUSPICIOUS_MOVES = YES;
				CLANG_WARN_UNREACHABLE_CODE = YES;
				CLANG_WARN__DUPLICATE_METHOD_MATCH = YES;
				"CODE_SIGN_IDENTITY[sdk=iphoneos*]" = "iPhone Developer";
				COPY_PHASE_STRIP = NO;
				DEBUG_INFORMATION_FORMAT = "dwarf-with-dsym";
				ENABLE_NS_ASSERTIONS = NO;
				ENABLE_STRICT_OBJC_MSGSEND = YES;
				GCC_C_LANGUAGE_STANDARD = gnu99;
				GCC_NO_COMMON_BLOCKS = YES;
				GCC_WARN_64_TO_32_BIT_CONVERSION = YES;
				GCC_WARN_ABOUT_RETURN_TYPE = YES_ERROR;
				GCC_WARN_UNDECLARED_SELECTOR = YES;
				GCC_WARN_UNINITIALIZED_AUTOS = YES_AGGRESSIVE;
				GCC_WARN_UNUSED_FUNCTION = YES;
				GCC_WARN_UNUSED_VARIABLE = YES;
				IPHONEOS_DEPLOYMENT_TARGET = 10.0;
				MTL_ENABLE_DEBUG_INFO = NO;
				SDKROOT = iphoneos;
				SWIFT_OPTIMIZATION_LEVEL = "-Owholemodule";
				VALIDATE_PRODUCT = YES;
			};
			name = Release;
		};
		C05020591DBB376A0023D6CF /* Debug */ = {
			isa = XCBuildConfiguration;
			buildSettings = {
				ASSETCATALOG_COMPILER_APPICON_NAME = AppIcon;
				DEVELOPMENT_TEAM = U7F9TYQL2C;
				INFOPLIST_FILE = deviceiosble/Info.plist;
				LD_RUNPATH_SEARCH_PATHS = "$(inherited) @executable_path/Frameworks";
				PRODUCT_BUNDLE_IDENTIFIER = info.mtkz.deviceiosble;
				PRODUCT_NAME = "$(TARGET_NAME)";
				SWIFT_VERSION = 3.0;
			};
			name = Debug;
		};
		C050205A1DBB376A0023D6CF /* Release */ = {
			isa = XCBuildConfiguration;
			buildSettings = {
				ASSETCATALOG_COMPILER_APPICON_NAME = AppIcon;
				DEVELOPMENT_TEAM = U7F9TYQL2C;
				INFOPLIST_FILE = deviceiosble/Info.plist;
				LD_RUNPATH_SEARCH_PATHS = "$(inherited) @executable_path/Frameworks";
				PRODUCT_BUNDLE_IDENTIFIER = info.mtkz.deviceiosble;
				PRODUCT_NAME = "$(TARGET_NAME)";
				SWIFT_VERSION = 3.0;
			};
			name = Release;
		};
/* End XCBuildConfiguration section */

/* Begin XCConfigurationList section */
		C05020411DBB37690023D6CF /* Build configuration list for PBXProject "deviceiosble" */ = {
			isa = XCConfigurationList;
			buildConfigurations = (
				C05020561DBB376A0023D6CF /* Debug */,
				C05020571DBB376A0023D6CF /* Release */,
			);
			defaultConfigurationIsVisible = 0;
			defaultConfigurationName = Release;
		};
		C05020581DBB376A0023D6CF /* Build configuration list for PBXNativeTarget "deviceiosble" */ = {
			isa = XCConfigurationList;
			buildConfigurations = (
				C05020591DBB376A0023D6CF /* Debug */,
				C050205A1DBB376A0023D6CF /* Release */,
			);
			defaultConfigurationIsVisible = 0;
		};
/* End XCConfigurationList section */
	};
	rootObject = C050203E1DBB37690023D6CF /* Project object */;
}
